
Microsoft Visual Studio Solution File, Format Version 12.00
# Visual Studio Version 16
VisualStudioVersion = 16.0.30907.101
MinimumVisualStudioVersion = 10.0.40219.1
Project("{FAE04EC0-301F-11D3-BF4B-00C04F79EFBC}") = "Names", "Names\Names.csproj", "{3250A42E-6CC2-4320-8905-5C71872B309A}"
EndProject
Global
	GlobalSection(SolutionConfigurationPlatforms) = preSolution
		Debug|Any CPU = Debug|Any CPU
		Release|Any CPU = Release|Any CPU
	EndGlobalSection
	GlobalSection(ProjectConfigurationPlatforms) = postSolution
		{3250A42E-6CC2-4320-8905-5C71872B309A}.Debug|Any CPU.ActiveCfg = Debug|Any CPU
		{3250A42E-6CC2-4320-8905-5C71872B309A}.Debug|Any CPU.Build.0 = Debug|Any CPU
		{3250A42E-6CC2-4320-8905-5C71872B309A}.Release|Any CPU.ActiveCfg = Release|Any CPU
		{3250A42E-6CC2-4320-8905-5C71872B309A}.Release|Any CPU.Build.0 = Release|Any CPU
	EndGlobalSection
	GlobalSection(SolutionProperties) = preSolution
		HideSolutionNode = FALSE
	EndGlobalSection
	GlobalSection(ExtensibilityGlobals) = postSolution
		SolutionGuid = {14E6697E-B67B-49F0-B103-B94B9FC443A8}
	EndGlobalSection
EndGlobal
